
Microsoft Visual Studio Solution File, Format Version 12.00
# Visual Studio 2012
Project("{FAE04EC0-301F-11D3-BF4B-00C04F79EFBC}") = "GraDuchMonoGame", "GraDuchMonoGame\GraDuchMonoGame.csproj", "{40014F1C-AF4C-4366-A676-5A104B3035FF}"
EndProject
Global
	GlobalSection(SolutionConfigurationPlatforms) = preSolution
		Debug|x86 = Debug|x86
		Release|x86 = Release|x86
	EndGlobalSection
	GlobalSection(ProjectConfigurationPlatforms) = postSolution
		{40014F1C-AF4C-4366-A676-5A104B3035FF}.Debug|x86.ActiveCfg = Debug|x86
		{40014F1C-AF4C-4366-A676-5A104B3035FF}.Debug|x86.Build.0 = Debug|x86
		{40014F1C-AF4C-4366-A676-5A104B3035FF}.Release|x86.ActiveCfg = Release|x86
		{40014F1C-AF4C-4366-A676-5A104B3035FF}.Release|x86.Build.0 = Release|x86
	EndGlobalSection
	GlobalSection(SolutionProperties) = preSolution
		HideSolutionNode = FALSE
	EndGlobalSection
EndGlobal
